// !$*UTF8*$!
{
	archiveVersion = 1;
	classes = {
	};
	objectVersion = 48;
	objects = {

/* Begin PBXBuildFile section */
		695201432092612200FA581D /* singlePlayer.storyboard in Resources */ = {isa = PBXBuildFile; fileRef = 695201422092612200FA581D /* singlePlayer.storyboard */; };
		695201452092613000FA581D /* singlePlayer.swift in Sources */ = {isa = PBXBuildFile; fileRef = 695201442092613000FA581D /* singlePlayer.swift */; };
		6987CC63208CFDE300D01204 /* AppDelegate.swift in Sources */ = {isa = PBXBuildFile; fileRef = 6987CC62208CFDE300D01204 /* AppDelegate.swift */; };
		6987CC65208CFDE300D01204 /* ViewController.swift in Sources */ = {isa = PBXBuildFile; fileRef = 6987CC64208CFDE300D01204 /* ViewController.swift */; };
		6987CC68208CFDE300D01204 /* Main.storyboard in Resources */ = {isa = PBXBuildFile; fileRef = 6987CC66208CFDE300D01204 /* Main.storyboard */; };
		6987CC6A208CFDE300D01204 /* Assets.xcassets in Resources */ = {isa = PBXBuildFile; fileRef = 6987CC69208CFDE300D01204 /* Assets.xcassets */; };
		6987CC6D208CFDE300D01204 /* LaunchScreen.storyboard in Resources */ = {isa = PBXBuildFile; fileRef = 6987CC6B208CFDE300D01204 /* LaunchScreen.storyboard */; };
		6987CC78208D137700D01204 /* QuizView.storyboard in Resources */ = {isa = PBXBuildFile; fileRef = 6987CC76208D137700D01204 /* QuizView.storyboard */; };
		6987CC79208D137700D01204 /* QuizViewController.swift in Sources */ = {isa = PBXBuildFile; fileRef = 6987CC77208D137700D01204 /* QuizViewController.swift */; };
/* End PBXBuildFile section */

/* Begin PBXFileReference section */
		695201422092612200FA581D /* singlePlayer.storyboard */ = {isa = PBXFileReference; lastKnownFileType = file.storyboard; path = singlePlayer.storyboard; sourceTree = "<group>"; };
		695201442092613000FA581D /* singlePlayer.swift */ = {isa = PBXFileReference; lastKnownFileType = sourcecode.swift; path = singlePlayer.swift; sourceTree = "<group>"; };
		6987CC5F208CFDE200D01204 /* Quiz App.app */ = {isa = PBXFileReference; explicitFileType = wrapper.application; includeInIndex = 0; path = "Quiz App.app"; sourceTree = BUILT_PRODUCTS_DIR; };
		6987CC62208CFDE300D01204 /* AppDelegate.swift */ = {isa = PBXFileReference; lastKnownFileType = sourcecode.swift; path = AppDelegate.swift; sourceTree = "<group>"; };
		6987CC64208CFDE300D01204 /* ViewController.swift */ = {isa = PBXFileReference; lastKnownFileType = sourcecode.swift; path = ViewController.swift; sourceTree = "<group>"; };
		6987CC67208CFDE300D01204 /* Base */ = {isa = PBXFileReference; lastKnownFileType = file.storyboard; name = Base; path = Base.lproj/Main.storyboard; sourceTree = "<group>"; };
		6987CC69208CFDE300D01204 /* Assets.xcassets */ = {isa = PBXFileReference; lastKnownFileType = folder.assetcatalog; path = Assets.xcassets; sourceTree = "<group>"; };
		6987CC6E208CFDE300D01204 /* Info.plist */ = {isa = PBXFileReference; lastKnownFileType = text.plist.xml; path = Info.plist; sourceTree = "<group>"; };
		6987CC76208D137700D01204 /* QuizView.storyboard */ = {isa = PBXFileReference; fileEncoding = 4; lastKnownFileType = file.storyboard; path = QuizView.storyboard; sourceTree = "<group>"; };
		6987CC77208D137700D01204 /* QuizViewController.swift */ = {isa = PBXFileReference; fileEncoding = 4; lastKnownFileType = sourcecode.swift; path = QuizViewController.swift; sourceTree = "<group>"; };
/* End PBXFileReference section */

/* Begin PBXFrameworksBuildPhase section */
		6987CC5C208CFDE200D01204 /* Frameworks */ = {
			isa = PBXFrameworksBuildPhase;
			buildActionMask = 2147483647;
			files = (
			);
			runOnlyForDeploymentPostprocessing = 0;
		};
/* End PBXFrameworksBuildPhase section */

/* Begin PBXGroup section */
		69478F3C208FC221007D001E /* Recovered References */ = {
			isa = PBXGroup;
			children = (
			);
			name = "Recovered References";
			sourceTree = "<group>";
		};
		6987CC56208CFDE200D01204 = {
			isa = PBXGroup;
			children = (
				6987CC61208CFDE300D01204 /* Quiz App */,
				6987CC60208CFDE200D01204 /* Products */,
				69478F3C208FC221007D001E /* Recovered References */,
			);
			sourceTree = "<group>";
		};
		6987CC60208CFDE200D01204 /* Products */ = {
			isa = PBXGroup;
			children = (
				6987CC5F208CFDE200D01204 /* Quiz App.app */,
			);
			name = Products;
			sourceTree = "<group>";
		};
		6987CC61208CFDE300D01204 /* Quiz App */ = {
			isa = PBXGroup;
			children = (
				6987CC62208CFDE300D01204 /* AppDelegate.swift */,
				6987CC64208CFDE300D01204 /* ViewController.swift */,
				6987CC76208D137700D01204 /* QuizView.storyboard */,
				6987CC77208D137700D01204 /* QuizViewController.swift */,
				6987CC66208CFDE300D01204 /* Main.storyboard */,
				695201422092612200FA581D /* singlePlayer.storyboard */,
				695201442092613000FA581D /* singlePlayer.swift */,
				6987CC69208CFDE300D01204 /* Assets.xcassets */,
				6987CC6E208CFDE300D01204 /* Info.plist */,
				6987CC6B208CFDE300D01204 /* LaunchScreen.storyboard */,
			);
			path = "Quiz App";
			sourceTree = "<group>";
		};
/* End PBXGroup section */

/* Begin PBXNativeTarget section */
		6987CC5E208CFDE200D01204 /* Quiz App */ = {
			isa = PBXNativeTarget;
			buildConfigurationList = 6987CC71208CFDE300D01204 /* Build configuration list for PBXNativeTarget "Quiz App" */;
			buildPhases = (
				6987CC5B208CFDE200D01204 /* Sources */,
				6987CC5C208CFDE200D01204 /* Frameworks */,
				6987CC5D208CFDE200D01204 /* Resources */,
			);
			buildRules = (
			);
			dependencies = (
			);
			name = "Quiz App";
			productName = "Quiz App";
			productReference = 6987CC5F208CFDE200D01204 /* Quiz App.app */;
			productType = "com.apple.product-type.application";
		};
/* End PBXNativeTarget section */

/* Begin PBXProject section */
		6987CC57208CFDE200D01204 /* Project object */ = {
			isa = PBXProject;
			attributes = {
				LastSwiftUpdateCheck = 0920;
				LastUpgradeCheck = 0920;
				ORGANIZATIONNAME = edu.self;
				TargetAttributes = {
					6987CC5E208CFDE200D01204 = {
						CreatedOnToolsVersion = 9.2;
						ProvisioningStyle = Automatic;
						SystemCapabilities = {
							com.apple.Keychain = {
								enabled = 1;
							};
						};
					};
				};
			};
			buildConfigurationList = 6987CC5A208CFDE200D01204 /* Build configuration list for PBXProject "Quiz App" */;
			compatibilityVersion = "Xcode 8.0";
			developmentRegion = en;
			hasScannedForEncodings = 0;
			knownRegions = (
				en,
				Base,
			);
			mainGroup = 6987CC56208CFDE200D01204;
			productRefGroup = 6987CC60208CFDE200D01204 /* Products */;
			projectDirPath = "";
			projectRoot = "";
			targets = (
				6987CC5E208CFDE200D01204 /* Quiz App */,
			);
		};
/* End PBXProject section */

/* Begin PBXResourcesBuildPhase section */
		6987CC5D208CFDE200D01204 /* Resources */ = {
			isa = PBXResourcesBuildPhase;
			buildActionMask = 2147483647;
			files = (
				6987CC6A208CFDE300D01204 /* Assets.xcassets in Resources */,
				695201432092612200FA581D /* singlePlayer.storyboard in Resources */,
				6987CC78208D137700D01204 /* QuizView.storyboard in Resources */,
				6987CC68208CFDE300D01204 /* Main.storyboard in Resources */,
			);
			runOnlyForDeploymentPostprocessing = 0;
		};
/* End PBXResourcesBuildPhase section */

/* Begin PBXSourcesBuildPhase section */
		6987CC5B208CFDE200D01204 /* Sources */ = {
			isa = PBXSourcesBuildPhase;
			buildActionMask = 2147483647;
			files = (
				695201452092613000FA581D /* singlePlayer.swift in Sources */,
				6987CC65208CFDE300D01204 /* ViewController.swift in Sources */,
				6987CC63208CFDE300D01204 /* AppDelegate.swift in Sources */,
				6987CC79208D137700D01204 /* QuizViewController.swift in Sources */,
			);
			runOnlyForDeploymentPostprocessing = 0;
		};
/* End PBXSourcesBuildPhase section */

/* Begin PBXVariantGroup section */
		6987CC66208CFDE300D01204 /* Main.storyboard */ = {
			isa = PBXVariantGroup;
			children = (
				6987CC67208CFDE300D01204 /* Base */,
			);
			name = Main.storyboard;
			sourceTree = "<group>";
		};
/* End PBXVariantGroup section */

/* Begin XCBuildConfiguration section */
		6987CC6F208CFDE300D01204 /* Debug */ = {
			isa = XCBuildConfiguration;
			buildSettings = {
				ALWAYS_SEARCH_USER_PATHS = NO;
				CLANG_ANALYZER_NONNULL = YES;
				CLANG_ANALYZER_NUMBER_OBJECT_CONVERSION = YES_AGGRESSIVE;
				CLANG_CXX_LANGUAGE_STANDARD = "gnu++14";
				CLANG_CXX_LIBRARY = "libc++";
				CLANG_ENABLE_MODULES = YES;
				CLANG_ENABLE_OBJC_ARC = YES;
				CLANG_WARN_BLOCK_CAPTURE_AUTORELEASING = YES;
				CLANG_WARN_BOOL_CONVERSION = YES;
				CLANG_WARN_COMMA = YES;
				CLANG_WARN_CONSTANT_CONVERSION = YES;
				CLANG_WARN_DIRECT_OBJC_ISA_USAGE = YES_ERROR;
				CLANG_WARN_DOCUMENTATION_COMMENTS = YES;
				CLANG_WARN_EMPTY_BODY = YES;
				CLANG_WARN_ENUM_CONVERSION = YES;
				CLANG_WARN_INFINITE_RECURSION = YES;
				CLANG_WARN_INT_CONVERSION = YES;
				CLANG_WARN_NON_LITERAL_NULL_CONVERSION = YES;
				CLANG_WARN_OBJC_LITERAL_CONVERSION = YES;
				CLANG_WARN_OBJC_ROOT_CLASS = YES_ERROR;
				CLANG_WARN_RANGE_LOOP_ANALYSIS = YES;
				CLANG_WARN_STRICT_PROTOTYPES = YES;
				CLANG_WARN_SUSPICIOUS_MOVE = YES;
				CLANG_WARN_UNGUARDED_AVAILABILITY = YES_AGGRESSIVE;
				CLANG_WARN_UNREACHABLE_CODE = YES;
				CLANG_WARN__DUPLICATE_METHOD_MATCH = YES;
				CODE_SIGN_IDENTITY = "iPhone Developer";
				COPY_PHASE_STRIP = NO;
				DEBUG_INFORMATION_FORMAT = dwarf;
				ENABLE_STRICT_OBJC_MSGSEND = YES;
				ENABLE_TESTABILITY = YES;
				GCC_C_LANGUAGE_STANDARD = gnu11;
				GCC_DYNAMIC_NO_PIC = NO;
				GCC_NO_COMMON_BLOCKS = YES;
				GCC_OPTIMIZATION_LEVEL = 0;
				GCC_PREPROCESSOR_DEFINITIONS = (
					"DEBUG=1",
					"$(inherited)",
				);
				GCC_WARN_64_TO_32_BIT_CONVERSION = YES;
				GCC_WARN_ABOUT_RETURN_TYPE = YES_ERROR;
				GCC_WARN_UNDECLARED_SELECTOR = YES;
				GCC_WARN_UNINITIALIZED_AUTOS = YES_AGGRESSIVE;
				GCC_WARN_UNUSED_FUNCTION = YES;
				GCC_WARN_UNUSED_VARIABLE = YES;
				IPHONEOS_DEPLOYMENT_TARGET = 11.2;
				MTL_ENABLE_DEBUG_INFO = YES;
				ONLY_ACTIVE_ARCH = YES;
				SDKROOT = iphoneos;
				SWIFT_ACTIVE_COMPILATION_CONDITIONS = DEBUG;
				SWIFT_OPTIMIZATION_LEVEL = "-Onone";
			};
			name = Debug;
		};
		6987CC70208CFDE300D01204 /* Release */ = {
			isa = XCBuildConfiguration;
			buildSettings = {
				ALWAYS_SEARCH_USER_PATHS = NO;
				CLANG_ANALYZER_NONNULL = YES;
				CLANG_ANALYZER_NUMBER_OBJECT_CONVERSION = YES_AGGRESSIVE;
				CLANG_CXX_LANGUAGE_STANDARD = "gnu++14";
				CLANG_CXX_LIBRARY = "libc++";
				CLANG_ENABLE_MODULES = YES;
				CLANG_ENABLE_OBJC_ARC = YES;
				CLANG_WARN_BLOCK_CAPTURE_AUTORELEASING = YES;
				CLANG_WARN_BOOL_CONVERSION = YES;
				CLANG_WARN_COMMA = YES;
				CLANG_WARN_CONSTANT_CONVERSION = YES;
				CLANG_WARN_DIRECT_OBJC_ISA_USAGE = YES_ERROR;
				CLANG_WARN_DOCUMENTATION_COMMENTS = YES;
				CLANG_WARN_EMPTY_BODY = YES;
				CLANG_WARN_ENUM_CONVERSION = YES;
				CLANG_WARN_INFINITE_RECURSION = YES;
				CLANG_WARN_INT_CONVERSION = YES;
				CLANG_WARN_NON_LITERAL_NULL_CONVERSION = YES;
				CLANG_WARN_OBJC_LITERAL_CONVERSION = YES;
				CLANG_WARN_OBJC_ROOT_CLASS = YES_ERROR;
				CLANG_WARN_RANGE_LOOP_ANALYSIS = YES;
				CLANG_WARN_STRICT_PROTOTYPES = YES;
				CLANG_WARN_SUSPICIOUS_MOVE = YES;
				CLANG_WARN_UNGUARDED_AVAILABILITY = YES_AGGRESSIVE;
				CLANG_WARN_UNREACHABLE_CODE = YES;
				CLANG_WARN__DUPLICATE_METHOD_MATCH = YES;
				CODE_SIGN_IDENTITY = "iPhone Developer";
				COPY_PHASE_STRIP = NO;
				DEBUG_INFORMATION_FORMAT = "dwarf-with-dsym";
				ENABLE_NS_ASSERTIONS = NO;
				ENABLE_STRICT_OBJC_MSGSEND = YES;
				GCC_C_LANGUAGE_STANDARD = gnu11;
				GCC_NO_COMMON_BLOCKS = YES;
				GCC_WARN_64_TO_32_BIT_CONVERSION = YES;
				GCC_WARN_ABOUT_RETURN_TYPE = YES_ERROR;
				GCC_WARN_UNDECLARED_SELECTOR = YES;
				GCC_WARN_UNINITIALIZED_AUTOS = YES_AGGRESSIVE;
				GCC_WARN_UNUSED_FUNCTION = YES;
				GCC_WARN_UNUSED_VARIABLE = YES;
				IPHONEOS_DEPLOYMENT_TARGET = 11.2;
				MTL_ENABLE_DEBUG_INFO = NO;
				SDKROOT = iphoneos;
				SWIFT_OPTIMIZATION_LEVEL = "-Owholemodule";
				VALIDATE_PRODUCT = YES;
			};
			name = Release;
		};
		6987CC72208CFDE300D01204 /* Debug */ = {
			isa = XCBuildConfiguration;
			buildSettings = {
				ALWAYS_EMBED_SWIFT_STANDARD_LIBRARIES = YES;
				ASSETCATALOG_COMPILER_APPICON_NAME = AppIcon;
				CODE_SIGN_ENTITLEMENTS = "Quiz App/Quiz App.entitlements";
				CODE_SIGN_IDENTITY = "iPhone Developer";
				CODE_SIGN_STYLE = Automatic;
				DEVELOPMENT_TEAM = GK6EP7YV83;
				INFOPLIST_FILE = "Quiz App/Info.plist";
				LD_RUNPATH_SEARCH_PATHS = "$(inherited) @executable_path/Frameworks";
				PRODUCT_BUNDLE_IDENTIFIER = "com.Anas-Zafar.Quiz-App";
				PRODUCT_NAME = "$(TARGET_NAME)";
				PROVISIONING_PROFILE_SPECIFIER = "";
				SWIFT_VERSION = 4.0;
				TARGETED_DEVICE_FAMILY = "1,2";
			};
			name = Debug;
		};
		6987CC73208CFDE300D01204 /* Release */ = {
			isa = XCBuildConfiguration;
			buildSettings = {
				ALWAYS_EMBED_SWIFT_STANDARD_LIBRARIES = YES;
				ASSETCATALOG_COMPILER_APPICON_NAME = AppIcon;
				CODE_SIGN_ENTITLEMENTS = "Quiz App/Quiz App.entitlements";
				CODE_SIGN_IDENTITY = "iPhone Developer";
				CODE_SIGN_STYLE = Automatic;
				DEVELOPMENT_TEAM = GK6EP7YV83;
				INFOPLIST_FILE = "Quiz App/Info.plist";
				LD_RUNPATH_SEARCH_PATHS = "$(inherited) @executable_path/Frameworks";
				PRODUCT_BUNDLE_IDENTIFIER = "com.Anas-Zafar.Quiz-App";
				PRODUCT_NAME = "$(TARGET_NAME)";
				PROVISIONING_PROFILE_SPECIFIER = "";
				SWIFT_VERSION = 4.0;
				TARGETED_DEVICE_FAMILY = "1,2";
			};
			name = Release;
		};
/* End XCBuildConfiguration section */

/* Begin XCConfigurationList section */
		6987CC5A208CFDE200D01204 /* Build configuration list for PBXProject "Quiz App" */ = {
			isa = XCConfigurationList;
			buildConfigurations = (
				6987CC6F208CFDE300D01204 /* Debug */,
				6987CC70208CFDE300D01204 /* Release */,
			);
			defaultConfigurationIsVisible = 0;
			defaultConfigurationName = Release;
		};
		6987CC71208CFDE300D01204 /* Build configuration list for PBXNativeTarget "Quiz App" */ = {
			isa = XCConfigurationList;
			buildConfigurations = (
				6987CC72208CFDE300D01204 /* Debug */,
				6987CC73208CFDE300D01204 /* Release */,
			);
			defaultConfigurationIsVisible = 0;
			defaultConfigurationName = Release;
		};
/* End XCConfigurationList section */
	};
	rootObject = 6987CC57208CFDE200D01204 /* Project object */;
}
